
Microsoft Visual Studio Solution File, Format Version 12.00
# Visual Studio 14
VisualStudioVersion = 14.0.24720.0
MinimumVisualStudioVersion = 10.0.40219.1
Project("{FAE04EC0-301F-11D3-BF4B-00C04F79EFBC}") = "10sep2016", "10sep2016\10sep2016.csproj", "{820D8465-7435-4398-8F24-F4BEA34351BB}"
EndProject
Project("{FAE04EC0-301F-11D3-BF4B-00C04F79EFBC}") = "10sep2016Tests", "10sep2016Tests\10sep2016Tests.csproj", "{0A0C3C01-40F6-41A3-BAD3-39DAB24D5AFE}"
EndProject
Global
	GlobalSection(SolutionConfigurationPlatforms) = preSolution
		Debug|Any CPU = Debug|Any CPU
		Release|Any CPU = Release|Any CPU
	EndGlobalSection
	GlobalSection(ProjectConfigurationPlatforms) = postSolution
		{820D8465-7435-4398-8F24-F4BEA34351BB}.Debug|Any CPU.ActiveCfg = Debug|Any CPU
		{820D8465-7435-4398-8F24-F4BEA34351BB}.Debug|Any CPU.Build.0 = Debug|Any CPU
		{820D8465-7435-4398-8F24-F4BEA34351BB}.Release|Any CPU.ActiveCfg = Release|Any CPU
		{820D8465-7435-4398-8F24-F4BEA34351BB}.Release|Any CPU.Build.0 = Release|Any CPU
		{0A0C3C01-40F6-41A3-BAD3-39DAB24D5AFE}.Debug|Any CPU.ActiveCfg = Debug|Any CPU
		{0A0C3C01-40F6-41A3-BAD3-39DAB24D5AFE}.Debug|Any CPU.Build.0 = Debug|Any CPU
		{0A0C3C01-40F6-41A3-BAD3-39DAB24D5AFE}.Release|Any CPU.ActiveCfg = Release|Any CPU
		{0A0C3C01-40F6-41A3-BAD3-39DAB24D5AFE}.Release|Any CPU.Build.0 = Release|Any CPU
	EndGlobalSection
	GlobalSection(SolutionProperties) = preSolution
		HideSolutionNode = FALSE
	EndGlobalSection
EndGlobal
